
Microsoft Visual Studio Solution File, Format Version 12.00
# Visual Studio Version 17
VisualStudioVersion = 17.12.35527.113
MinimumVisualStudioVersion = 10.0.40219.1
Project("{FAE04EC0-301F-11D3-BF4B-00C04F79EFBC}") = "BUSINESSLAYER", "BUSINESSLAYER\BUSINESSLAYER.csproj", "{D1749401-D18A-4649-A9B9-DDC7A261DE8A}"
EndProject
Project("{FAE04EC0-301F-11D3-BF4B-00C04F79EFBC}") = "QLNHANSU", "QLNHANSU\QLNHANSU.csproj", "{A5E72C97-787D-4416-A94A-5C90593B991C}"
EndProject
Project("{FAE04EC0-301F-11D3-BF4B-00C04F79EFBC}") = "DATALAYER", "DATALAYER\DATALAYER.csproj", "{3304E157-1C66-4471-8E57-140F3A2B0FF0}"
EndProject
Global
	GlobalSection(SolutionConfigurationPlatforms) = preSolution
		Debug|Any CPU = Debug|Any CPU
		Release|Any CPU = Release|Any CPU
	EndGlobalSection
	GlobalSection(ProjectConfigurationPlatforms) = postSolution
		{D1749401-D18A-4649-A9B9-DDC7A261DE8A}.Debug|Any CPU.ActiveCfg = Debug|Any CPU
		{D1749401-D18A-4649-A9B9-DDC7A261DE8A}.Debug|Any CPU.Build.0 = Debug|Any CPU
		{D1749401-D18A-4649-A9B9-DDC7A261DE8A}.Release|Any CPU.ActiveCfg = Release|Any CPU
		{D1749401-D18A-4649-A9B9-DDC7A261DE8A}.Release|Any CPU.Build.0 = Release|Any CPU
		{A5E72C97-787D-4416-A94A-5C90593B991C}.Debug|Any CPU.ActiveCfg = Debug|Any CPU
		{A5E72C97-787D-4416-A94A-5C90593B991C}.Debug|Any CPU.Build.0 = Debug|Any CPU
		{A5E72C97-787D-4416-A94A-5C90593B991C}.Release|Any CPU.ActiveCfg = Release|Any CPU
		{A5E72C97-787D-4416-A94A-5C90593B991C}.Release|Any CPU.Build.0 = Release|Any CPU
		{3304E157-1C66-4471-8E57-140F3A2B0FF0}.Debug|Any CPU.ActiveCfg = Debug|Any CPU
		{3304E157-1C66-4471-8E57-140F3A2B0FF0}.Debug|Any CPU.Build.0 = Debug|Any CPU
		{3304E157-1C66-4471-8E57-140F3A2B0FF0}.Release|Any CPU.ActiveCfg = Release|Any CPU
		{3304E157-1C66-4471-8E57-140F3A2B0FF0}.Release|Any CPU.Build.0 = Release|Any CPU
	EndGlobalSection
	GlobalSection(SolutionProperties) = preSolution
		HideSolutionNode = FALSE
	EndGlobalSection
EndGlobal
